
Microsoft Visual Studio Solution File, Format Version 12.00
# Visual Studio Version 16
VisualStudioVersion = 16.0.30611.23
MinimumVisualStudioVersion = 10.0.40219.1
Project("{FAE04EC0-301F-11D3-BF4B-00C04F79EFBC}") = "190601066_zuleyhaOz_odev1", "190601066_zuleyhaOz_odev1\190601066_zuleyhaOz_odev1.csproj", "{1B2A11B4-8A66-42C1-9AF2-7AF7E20F0882}"
EndProject
Global
	GlobalSection(SolutionConfigurationPlatforms) = preSolution
		Debug|Any CPU = Debug|Any CPU
		Release|Any CPU = Release|Any CPU
	EndGlobalSection
	GlobalSection(ProjectConfigurationPlatforms) = postSolution
		{1B2A11B4-8A66-42C1-9AF2-7AF7E20F0882}.Debug|Any CPU.ActiveCfg = Debug|Any CPU
		{1B2A11B4-8A66-42C1-9AF2-7AF7E20F0882}.Debug|Any CPU.Build.0 = Debug|Any CPU
		{1B2A11B4-8A66-42C1-9AF2-7AF7E20F0882}.Release|Any CPU.ActiveCfg = Release|Any CPU
		{1B2A11B4-8A66-42C1-9AF2-7AF7E20F0882}.Release|Any CPU.Build.0 = Release|Any CPU
	EndGlobalSection
	GlobalSection(SolutionProperties) = preSolution
		HideSolutionNode = FALSE
	EndGlobalSection
	GlobalSection(ExtensibilityGlobals) = postSolution
		SolutionGuid = {4B90A4B2-02B0-4C55-9DF0-C3E7CC7D9EC9}
	EndGlobalSection
EndGlobal
